{
    "name": "shared",
    "version": "1.0.0",
    "lockfileVersion": 1,
    "requires": true,
    "dependencies": {
        "@types/formidable": {
            "version": "1.2.1",
            "resolved": "https://registry.npmjs.org/@types/formidable/-/formidable-1.2.1.tgz",
            "integrity": "sha512-4sVIjd51AADf4YnpsdqNQh7n3ZRLo16w+w6F7zzKjK6dBsQc9Vrq8GQLpHOOWq0V8Fe2bbp2EpihHx57iVgm5Q==",
            "dev": true,
            "requires": {
                "@types/node": "*"
            }
        },
        "@types/node": {
            "version": "14.14.41",
            "resolved": "https://registry.npmjs.org/@types/node/-/node-14.14.41.tgz",
            "integrity": "sha512-dueRKfaJL4RTtSa7bWeTK1M+VH+Gns73oCgzvYfHZywRCoPSd8EkXBL0mZ9unPTveBn+D9phZBaxuzpwjWkW0g==",
            "dev": true
        },
        "formidable": {
            "version": "1.2.2",
            "resolved": "https://registry.npmjs.org/formidable/-/formidable-1.2.2.tgz",
            "integrity": "sha512-V8gLm+41I/8kguQ4/o1D3RIHRmhYFG4pnNyonvua+40rqcEmT4+V71yaZ3B457xbbgCsCfjSPi65u/W6vK1U5Q=="
        }
    }
}
